
Microsoft Visual Studio Solution File, Format Version 12.00
# Visual Studio Version 17
VisualStudioVersion = 17.4.33213.308
MinimumVisualStudioVersion = 10.0.40219.1
Project("{FAE04EC0-301F-11D3-BF4B-00C04F79EFBC}") = "Discord Bot Maker", "Discord Bot Maker.csproj", "{E6E8B7D1-E773-4454-8987-2B8AC84455AA}"
EndProject
Global
	GlobalSection(SolutionConfigurationPlatforms) = preSolution
		Debug|Any CPU = Debug|Any CPU
		Release|Any CPU = Release|Any CPU
	EndGlobalSection
	GlobalSection(ProjectConfigurationPlatforms) = postSolution
		{E6E8B7D1-E773-4454-8987-2B8AC84455AA}.Debug|Any CPU.ActiveCfg = Debug|Any CPU
		{E6E8B7D1-E773-4454-8987-2B8AC84455AA}.Debug|Any CPU.Build.0 = Debug|Any CPU
		{E6E8B7D1-E773-4454-8987-2B8AC84455AA}.Release|Any CPU.ActiveCfg = Release|Any CPU
		{E6E8B7D1-E773-4454-8987-2B8AC84455AA}.Release|Any CPU.Build.0 = Release|Any CPU
	EndGlobalSection
	GlobalSection(SolutionProperties) = preSolution
		HideSolutionNode = FALSE
	EndGlobalSection
	GlobalSection(ExtensibilityGlobals) = postSolution
		SolutionGuid = {D6B71DCE-996E-4F26-A4BA-4B7A6349B06F}
	EndGlobalSection
EndGlobal
